
Microsoft Visual Studio Solution File, Format Version 12.00
# Visual Studio 15
Project("{FAE04EC0-301F-11D3-BF4B-00C04F79EFBC}") = "PhotonRealtime", "PhotonRealtime.csproj", "{4323CFF0-B37F-F9F4-8D95-59C5EB113BE6}"
EndProject
Project("{FAE04EC0-301F-11D3-BF4B-00C04F79EFBC}") = "PhotonUnityNetworking.Editor", "PhotonUnityNetworking.Editor.csproj", "{296A1ECE-CFBD-35E9-CC93-28CC4B2F4F8E}"
EndProject
Project("{FAE04EC0-301F-11D3-BF4B-00C04F79EFBC}") = "PhotonUnityNetworking", "PhotonUnityNetworking.csproj", "{AB682633-05C9-59EC-BF41-165864501778}"
EndProject
Project("{FAE04EC0-301F-11D3-BF4B-00C04F79EFBC}") = "Assembly-CSharp", "Assembly-CSharp.csproj", "{27A19D9F-1E95-8868-7324-4EE7AB18D5F5}"
EndProject
Project("{FAE04EC0-301F-11D3-BF4B-00C04F79EFBC}") = "PhotonUnityNetworking.Demos", "PhotonUnityNetworking.Demos.csproj", "{42106F6C-C674-55BC-EF80-AD020EBFD60F}"
EndProject
Project("{FAE04EC0-301F-11D3-BF4B-00C04F79EFBC}") = "PhotonUnityNetworking.Utilities", "PhotonUnityNetworking.Utilities.csproj", "{6F0EA54E-C99D-3680-FAE8-979A9C3640FF}"
EndProject
Project("{FAE04EC0-301F-11D3-BF4B-00C04F79EFBC}") = "Assembly-CSharp-Editor", "Assembly-CSharp-Editor.csproj", "{A962BC00-2F76-B744-A96C-76DD9E160F79}"
EndProject
Project("{FAE04EC0-301F-11D3-BF4B-00C04F79EFBC}") = "PunDemos.DemoHubEditor", "PunDemos.DemoHubEditor.csproj", "{824F250F-D50D-30B8-8BAC-CD0EB01EB72F}"
EndProject
Project("{FAE04EC0-301F-11D3-BF4B-00C04F79EFBC}") = "PunDemos.DemoSlotcarEditor", "PunDemos.DemoSlotcarEditor.csproj", "{36D93FA3-5DFD-F38C-AE82-F0C1A992E526}"
EndProject
Project("{FAE04EC0-301F-11D3-BF4B-00C04F79EFBC}") = "PhotonChat", "PhotonChat.csproj", "{4EC4E103-43B8-85DA-9AC9-D48CD1DEADCA}"
EndProject
Project("{FAE04EC0-301F-11D3-BF4B-00C04F79EFBC}") = "PhotonUnityNetworking.Utilities.PhotonPlayer.Editor", "PhotonUnityNetworking.Utilities.PhotonPlayer.Editor.csproj", "{5FC0CF2C-C2A7-D366-2F6C-F7E29471FC81}"
EndProject
Project("{FAE04EC0-301F-11D3-BF4B-00C04F79EFBC}") = "PhotonUnityNetworking.Utilities.Culling.Editor", "PhotonUnityNetworking.Utilities.Culling.Editor.csproj", "{29FC8706-4536-A82B-6FE8-949E1C29A3D8}"
EndProject
Global
	GlobalSection(SolutionConfigurationPlatforms) = preSolution
		Debug|Any CPU = Debug|Any CPU
		Release|Any CPU = Release|Any CPU
	EndGlobalSection
	GlobalSection(ProjectConfigurationPlatforms) = postSolution
		{4323CFF0-B37F-F9F4-8D95-59C5EB113BE6}.Debug|Any CPU.ActiveCfg = Debug|Any CPU
		{4323CFF0-B37F-F9F4-8D95-59C5EB113BE6}.Debug|Any CPU.Build.0 = Debug|Any CPU
		{4323CFF0-B37F-F9F4-8D95-59C5EB113BE6}.Release|Any CPU.ActiveCfg = Release|Any CPU
		{4323CFF0-B37F-F9F4-8D95-59C5EB113BE6}.Release|Any CPU.Build.0 = Release|Any CPU
		{296A1ECE-CFBD-35E9-CC93-28CC4B2F4F8E}.Debug|Any CPU.ActiveCfg = Debug|Any CPU
		{296A1ECE-CFBD-35E9-CC93-28CC4B2F4F8E}.Debug|Any CPU.Build.0 = Debug|Any CPU
		{296A1ECE-CFBD-35E9-CC93-28CC4B2F4F8E}.Release|Any CPU.ActiveCfg = Release|Any CPU
		{296A1ECE-CFBD-35E9-CC93-28CC4B2F4F8E}.Release|Any CPU.Build.0 = Release|Any CPU
		{AB682633-05C9-59EC-BF41-165864501778}.Debug|Any CPU.ActiveCfg = Debug|Any CPU
		{AB682633-05C9-59EC-BF41-165864501778}.Debug|Any CPU.Build.0 = Debug|Any CPU
		{AB682633-05C9-59EC-BF41-165864501778}.Release|Any CPU.ActiveCfg = Release|Any CPU
		{AB682633-05C9-59EC-BF41-165864501778}.Release|Any CPU.Build.0 = Release|Any CPU
		{27A19D9F-1E95-8868-7324-4EE7AB18D5F5}.Debug|Any CPU.ActiveCfg = Debug|Any CPU
		{27A19D9F-1E95-8868-7324-4EE7AB18D5F5}.Debug|Any CPU.Build.0 = Debug|Any CPU
		{27A19D9F-1E95-8868-7324-4EE7AB18D5F5}.Release|Any CPU.ActiveCfg = Release|Any CPU
		{27A19D9F-1E95-8868-7324-4EE7AB18D5F5}.Release|Any CPU.Build.0 = Release|Any CPU
		{42106F6C-C674-55BC-EF80-AD020EBFD60F}.Debug|Any CPU.ActiveCfg = Debug|Any CPU
		{42106F6C-C674-55BC-EF80-AD020EBFD60F}.Debug|Any CPU.Build.0 = Debug|Any CPU
		{42106F6C-C674-55BC-EF80-AD020EBFD60F}.Release|Any CPU.ActiveCfg = Release|Any CPU
		{42106F6C-C674-55BC-EF80-AD020EBFD60F}.Release|Any CPU.Build.0 = Release|Any CPU
		{6F0EA54E-C99D-3680-FAE8-979A9C3640FF}.Debug|Any CPU.ActiveCfg = Debug|Any CPU
		{6F0EA54E-C99D-3680-FAE8-979A9C3640FF}.Debug|Any CPU.Build.0 = Debug|Any CPU
		{6F0EA54E-C99D-3680-FAE8-979A9C3640FF}.Release|Any CPU.ActiveCfg = Release|Any CPU
		{6F0EA54E-C99D-3680-FAE8-979A9C3640FF}.Release|Any CPU.Build.0 = Release|Any CPU
		{A962BC00-2F76-B744-A96C-76DD9E160F79}.Debug|Any CPU.ActiveCfg = Debug|Any CPU
		{A962BC00-2F76-B744-A96C-76DD9E160F79}.Debug|Any CPU.Build.0 = Debug|Any CPU
		{A962BC00-2F76-B744-A96C-76DD9E160F79}.Release|Any CPU.ActiveCfg = Release|Any CPU
		{A962BC00-2F76-B744-A96C-76DD9E160F79}.Release|Any CPU.Build.0 = Release|Any CPU
		{824F250F-D50D-30B8-8BAC-CD0EB01EB72F}.Debug|Any CPU.ActiveCfg = Debug|Any CPU
		{824F250F-D50D-30B8-8BAC-CD0EB01EB72F}.Debug|Any CPU.Build.0 = Debug|Any CPU
		{824F250F-D50D-30B8-8BAC-CD0EB01EB72F}.Release|Any CPU.ActiveCfg = Release|Any CPU
		{824F250F-D50D-30B8-8BAC-CD0EB01EB72F}.Release|Any CPU.Build.0 = Release|Any CPU
		{36D93FA3-5DFD-F38C-AE82-F0C1A992E526}.Debug|Any CPU.ActiveCfg = Debug|Any CPU
		{36D93FA3-5DFD-F38C-AE82-F0C1A992E526}.Debug|Any CPU.Build.0 = Debug|Any CPU
		{36D93FA3-5DFD-F38C-AE82-F0C1A992E526}.Release|Any CPU.ActiveCfg = Release|Any CPU
		{36D93FA3-5DFD-F38C-AE82-F0C1A992E526}.Release|Any CPU.Build.0 = Release|Any CPU
		{4EC4E103-43B8-85DA-9AC9-D48CD1DEADCA}.Debug|Any CPU.ActiveCfg = Debug|Any CPU
		{4EC4E103-43B8-85DA-9AC9-D48CD1DEADCA}.Debug|Any CPU.Build.0 = Debug|Any CPU
		{4EC4E103-43B8-85DA-9AC9-D48CD1DEADCA}.Release|Any CPU.ActiveCfg = Release|Any CPU
		{4EC4E103-43B8-85DA-9AC9-D48CD1DEADCA}.Release|Any CPU.Build.0 = Release|Any CPU
		{5FC0CF2C-C2A7-D366-2F6C-F7E29471FC81}.Debug|Any CPU.ActiveCfg = Debug|Any CPU
		{5FC0CF2C-C2A7-D366-2F6C-F7E29471FC81}.Debug|Any CPU.Build.0 = Debug|Any CPU
		{5FC0CF2C-C2A7-D366-2F6C-F7E29471FC81}.Release|Any CPU.ActiveCfg = Release|Any CPU
		{5FC0CF2C-C2A7-D366-2F6C-F7E29471FC81}.Release|Any CPU.Build.0 = Release|Any CPU
		{29FC8706-4536-A82B-6FE8-949E1C29A3D8}.Debug|Any CPU.ActiveCfg = Debug|Any CPU
		{29FC8706-4536-A82B-6FE8-949E1C29A3D8}.Debug|Any CPU.Build.0 = Debug|Any CPU
		{29FC8706-4536-A82B-6FE8-949E1C29A3D8}.Release|Any CPU.ActiveCfg = Release|Any CPU
		{29FC8706-4536-A82B-6FE8-949E1C29A3D8}.Release|Any CPU.Build.0 = Release|Any CPU
	EndGlobalSection
	GlobalSection(SolutionProperties) = preSolution
		HideSolutionNode = FALSE
	EndGlobalSection
EndGlobal
